// !$*UTF8*$!
{
	archiveVersion = 1;
	classes = {
	};
	objectVersion = 56;
	objects = {

/* Begin PBXBuildFile section */
		1040F9F42B7E4BAA00C9DBF1 /* TaskListViewController+DataSource.swift in Sources */ = {isa = PBXBuildFile; fileRef = 1040F9F32B7E4BAA00C9DBF1 /* TaskListViewController+DataSource.swift */; };
		1043202C2B7CB5550008F041 /* AppDelegate.swift in Sources */ = {isa = PBXBuildFile; fileRef = 1043202B2B7CB5550008F041 /* AppDelegate.swift */; };
		1043202E2B7CB5550008F041 /* SceneDelegate.swift in Sources */ = {isa = PBXBuildFile; fileRef = 1043202D2B7CB5550008F041 /* SceneDelegate.swift */; };
		104320302B7CB5550008F041 /* TaskListViewController.swift in Sources */ = {isa = PBXBuildFile; fileRef = 1043202F2B7CB5550008F041 /* TaskListViewController.swift */; };
		104320332B7CB5550008F041 /* Main.storyboard in Resources */ = {isa = PBXBuildFile; fileRef = 104320312B7CB5550008F041 /* Main.storyboard */; };
		104320352B7CB5560008F041 /* Assets.xcassets in Resources */ = {isa = PBXBuildFile; fileRef = 104320342B7CB5560008F041 /* Assets.xcassets */; };
		104320382B7CB5560008F041 /* LaunchScreen.storyboard in Resources */ = {isa = PBXBuildFile; fileRef = 104320362B7CB5560008F041 /* LaunchScreen.storyboard */; };
		104320412B7CB5990008F041 /* TaskItem.swift in Sources */ = {isa = PBXBuildFile; fileRef = 104320402B7CB5990008F041 /* TaskItem.swift */; };
		104320432B7CCDC40008F041 /* RecordService.swift in Sources */ = {isa = PBXBuildFile; fileRef = 104320422B7CCDC40008F041 /* RecordService.swift */; };
		104320472B7CCF3D0008F041 /* TaskListPresenter.swift in Sources */ = {isa = PBXBuildFile; fileRef = 104320462B7CCF3D0008F041 /* TaskListPresenter.swift */; };
		104320492B7CD7320008F041 /* Constants.swift in Sources */ = {isa = PBXBuildFile; fileRef = 104320482B7CD7320008F041 /* Constants.swift */; };
		104B8F342B815B8A002EE2DC /* TaskDetailViewController.swift in Sources */ = {isa = PBXBuildFile; fileRef = 104B8F332B815B8A002EE2DC /* TaskDetailViewController.swift */; };
		104B8F362B815D9B002EE2DC /* TaskViewController+Row.swift in Sources */ = {isa = PBXBuildFile; fileRef = 104B8F352B815D9B002EE2DC /* TaskViewController+Row.swift */; };
		104B8F3E2B83C04A002EE2DC /* TaskDetailPresenter.swift in Sources */ = {isa = PBXBuildFile; fileRef = 104B8F3D2B83C04A002EE2DC /* TaskDetailPresenter.swift */; };
		1061E4FB2B7F67E500DA5D52 /* TaskListPresenterTests.swift in Sources */ = {isa = PBXBuildFile; fileRef = 1061E4FA2B7F67E500DA5D52 /* TaskListPresenterTests.swift */; };
		1080364C2B851DF200D87196 /* TaskDetailPresenterTests.swift in Sources */ = {isa = PBXBuildFile; fileRef = 1080364B2B851DF200D87196 /* TaskDetailPresenterTests.swift */; };
		1080364E2B8557B300D87196 /* DateFormatter.swift in Sources */ = {isa = PBXBuildFile; fileRef = 1080364D2B8557B300D87196 /* DateFormatter.swift */; };
		108036502B8884C500D87196 /* DateFormatterTests.swift in Sources */ = {isa = PBXBuildFile; fileRef = 1080364F2B8884C500D87196 /* DateFormatterTests.swift */; };
/* End PBXBuildFile section */

/* Begin PBXContainerItemProxy section */
		1061E4F52B7F67B200DA5D52 /* PBXContainerItemProxy */ = {
			isa = PBXContainerItemProxy;
			containerPortal = 104320202B7CB5550008F041 /* Project object */;
			proxyType = 1;
			remoteGlobalIDString = 104320272B7CB5550008F041;
			remoteInfo = ToDo_UIKit;
		};
/* End PBXContainerItemProxy section */

/* Begin PBXFileReference section */
		1040F9F32B7E4BAA00C9DBF1 /* TaskListViewController+DataSource.swift */ = {isa = PBXFileReference; lastKnownFileType = sourcecode.swift; path = "TaskListViewController+DataSource.swift"; sourceTree = "<group>"; };
		104320282B7CB5550008F041 /* ToDo_UIKit.app */ = {isa = PBXFileReference; explicitFileType = wrapper.application; includeInIndex = 0; path = ToDo_UIKit.app; sourceTree = BUILT_PRODUCTS_DIR; };
		1043202B2B7CB5550008F041 /* AppDelegate.swift */ = {isa = PBXFileReference; lastKnownFileType = sourcecode.swift; path = AppDelegate.swift; sourceTree = "<group>"; };
		1043202D2B7CB5550008F041 /* SceneDelegate.swift */ = {isa = PBXFileReference; lastKnownFileType = sourcecode.swift; path = SceneDelegate.swift; sourceTree = "<group>"; };
		1043202F2B7CB5550008F041 /* TaskListViewController.swift */ = {isa = PBXFileReference; lastKnownFileType = sourcecode.swift; path = TaskListViewController.swift; sourceTree = "<group>"; };
		104320322B7CB5550008F041 /* Base */ = {isa = PBXFileReference; lastKnownFileType = file.storyboard; name = Base; path = Base.lproj/Main.storyboard; sourceTree = "<group>"; };
		104320342B7CB5560008F041 /* Assets.xcassets */ = {isa = PBXFileReference; lastKnownFileType = folder.assetcatalog; path = Assets.xcassets; sourceTree = "<group>"; };
		104320372B7CB5560008F041 /* Base */ = {isa = PBXFileReference; lastKnownFileType = file.storyboard; name = Base; path = Base.lproj/LaunchScreen.storyboard; sourceTree = "<group>"; };
		104320392B7CB5560008F041 /* Info.plist */ = {isa = PBXFileReference; lastKnownFileType = text.plist.xml; path = Info.plist; sourceTree = "<group>"; };
		104320402B7CB5990008F041 /* TaskItem.swift */ = {isa = PBXFileReference; lastKnownFileType = sourcecode.swift; path = TaskItem.swift; sourceTree = "<group>"; };
		104320422B7CCDC40008F041 /* RecordService.swift */ = {isa = PBXFileReference; lastKnownFileType = sourcecode.swift; path = RecordService.swift; sourceTree = "<group>"; };
		104320462B7CCF3D0008F041 /* TaskListPresenter.swift */ = {isa = PBXFileReference; lastKnownFileType = sourcecode.swift; path = TaskListPresenter.swift; sourceTree = "<group>"; };
		104320482B7CD7320008F041 /* Constants.swift */ = {isa = PBXFileReference; lastKnownFileType = sourcecode.swift; path = Constants.swift; sourceTree = "<group>"; };
		104B8F332B815B8A002EE2DC /* TaskDetailViewController.swift */ = {isa = PBXFileReference; lastKnownFileType = sourcecode.swift; path = TaskDetailViewController.swift; sourceTree = "<group>"; };
		104B8F352B815D9B002EE2DC /* TaskViewController+Row.swift */ = {isa = PBXFileReference; lastKnownFileType = sourcecode.swift; path = "TaskViewController+Row.swift"; sourceTree = "<group>"; };
		104B8F3D2B83C04A002EE2DC /* TaskDetailPresenter.swift */ = {isa = PBXFileReference; lastKnownFileType = sourcecode.swift; path = TaskDetailPresenter.swift; sourceTree = "<group>"; };
		1061E4F12B7F67B200DA5D52 /* ToDo_UIKitTests.xctest */ = {isa = PBXFileReference; explicitFileType = wrapper.cfbundle; includeInIndex = 0; path = ToDo_UIKitTests.xctest; sourceTree = BUILT_PRODUCTS_DIR; };
		1061E4FA2B7F67E500DA5D52 /* TaskListPresenterTests.swift */ = {isa = PBXFileReference; lastKnownFileType = sourcecode.swift; path = TaskListPresenterTests.swift; sourceTree = "<group>"; };
		1080364B2B851DF200D87196 /* TaskDetailPresenterTests.swift */ = {isa = PBXFileReference; lastKnownFileType = sourcecode.swift; path = TaskDetailPresenterTests.swift; sourceTree = "<group>"; };
		1080364D2B8557B300D87196 /* DateFormatter.swift */ = {isa = PBXFileReference; lastKnownFileType = sourcecode.swift; path = DateFormatter.swift; sourceTree = "<group>"; };
		1080364F2B8884C500D87196 /* DateFormatterTests.swift */ = {isa = PBXFileReference; lastKnownFileType = sourcecode.swift; path = DateFormatterTests.swift; sourceTree = "<group>"; };
/* End PBXFileReference section */

/* Begin PBXFrameworksBuildPhase section */
		104320252B7CB5550008F041 /* Frameworks */ = {
			isa = PBXFrameworksBuildPhase;
			buildActionMask = 2147483647;
			files = (
			);
			runOnlyForDeploymentPostprocessing = 0;
		};
		1061E4EE2B7F67B200DA5D52 /* Frameworks */ = {
			isa = PBXFrameworksBuildPhase;
			buildActionMask = 2147483647;
			files = (
			);
			runOnlyForDeploymentPostprocessing = 0;
		};
/* End PBXFrameworksBuildPhase section */

/* Begin PBXGroup section */
		1043201F2B7CB5550008F041 = {
			isa = PBXGroup;
			children = (
				1043202A2B7CB5550008F041 /* ToDo_UIKit */,
				1061E4F22B7F67B200DA5D52 /* ToDo_UIKitTests */,
				104320292B7CB5550008F041 /* Products */,
			);
			sourceTree = "<group>";
		};
		104320292B7CB5550008F041 /* Products */ = {
			isa = PBXGroup;
			children = (
				104320282B7CB5550008F041 /* ToDo_UIKit.app */,
				1061E4F12B7F67B200DA5D52 /* ToDo_UIKitTests.xctest */,
			);
			name = Products;
			sourceTree = "<group>";
		};
		1043202A2B7CB5550008F041 /* ToDo_UIKit */ = {
			isa = PBXGroup;
			children = (
				104320452B7CCEB10008F041 /* Presenters */,
				1043203F2B7CB5850008F041 /* Models */,
				104B8F322B815B36002EE2DC /* DetailViewController */,
				104320442B7CCE880008F041 /* TaskListViewController */,
				1043202B2B7CB5550008F041 /* AppDelegate.swift */,
				1043202D2B7CB5550008F041 /* SceneDelegate.swift */,
				104320312B7CB5550008F041 /* Main.storyboard */,
				104320342B7CB5560008F041 /* Assets.xcassets */,
				104320362B7CB5560008F041 /* LaunchScreen.storyboard */,
				104320392B7CB5560008F041 /* Info.plist */,
				1080364D2B8557B300D87196 /* DateFormatter.swift */,
			);
			path = ToDo_UIKit;
			sourceTree = "<group>";
		};
		1043203F2B7CB5850008F041 /* Models */ = {
			isa = PBXGroup;
			children = (
				104320402B7CB5990008F041 /* TaskItem.swift */,
				104320422B7CCDC40008F041 /* RecordService.swift */,
				104320482B7CD7320008F041 /* Constants.swift */,
			);
			path = Models;
			sourceTree = "<group>";
		};
		104320442B7CCE880008F041 /* TaskListViewController */ = {
			isa = PBXGroup;
			children = (
				1043202F2B7CB5550008F041 /* TaskListViewController.swift */,
				1040F9F32B7E4BAA00C9DBF1 /* TaskListViewController+DataSource.swift */,
			);
			path = TaskListViewController;
			sourceTree = "<group>";
		};
		104320452B7CCEB10008F041 /* Presenters */ = {
			isa = PBXGroup;
			children = (
				104320462B7CCF3D0008F041 /* TaskListPresenter.swift */,
				104B8F3D2B83C04A002EE2DC /* TaskDetailPresenter.swift */,
			);
			path = Presenters;
			sourceTree = "<group>";
		};
		104B8F322B815B36002EE2DC /* DetailViewController */ = {
			isa = PBXGroup;
			children = (
				104B8F332B815B8A002EE2DC /* TaskDetailViewController.swift */,
				104B8F352B815D9B002EE2DC /* TaskViewController+Row.swift */,
			);
			path = DetailViewController;
			sourceTree = "<group>";
		};
		1061E4F22B7F67B200DA5D52 /* ToDo_UIKitTests */ = {
			isa = PBXGroup;
			children = (
				1061E4FA2B7F67E500DA5D52 /* TaskListPresenterTests.swift */,
				1080364B2B851DF200D87196 /* TaskDetailPresenterTests.swift */,
				1080364F2B8884C500D87196 /* DateFormatterTests.swift */,
			);
			path = ToDo_UIKitTests;
			sourceTree = "<group>";
		};
/* End PBXGroup section */

/* Begin PBXNativeTarget section */
		104320272B7CB5550008F041 /* ToDo_UIKit */ = {
			isa = PBXNativeTarget;
			buildConfigurationList = 1043203C2B7CB5560008F041 /* Build configuration list for PBXNativeTarget "ToDo_UIKit" */;
			buildPhases = (
				104320242B7CB5550008F041 /* Sources */,
				104320252B7CB5550008F041 /* Frameworks */,
				104320262B7CB5550008F041 /* Resources */,
			);
			buildRules = (
			);
			dependencies = (
			);
			name = ToDo_UIKit;
			productName = ToDo_UIKit;
			productReference = 104320282B7CB5550008F041 /* ToDo_UIKit.app */;
			productType = "com.apple.product-type.application";
		};
		1061E4F02B7F67B200DA5D52 /* ToDo_UIKitTests */ = {
			isa = PBXNativeTarget;
			buildConfigurationList = 1061E4F72B7F67B200DA5D52 /* Build configuration list for PBXNativeTarget "ToDo_UIKitTests" */;
			buildPhases = (
				1061E4ED2B7F67B200DA5D52 /* Sources */,
				1061E4EE2B7F67B200DA5D52 /* Frameworks */,
				1061E4EF2B7F67B200DA5D52 /* Resources */,
			);
			buildRules = (
			);
			dependencies = (
				1061E4F62B7F67B200DA5D52 /* PBXTargetDependency */,
			);
			name = ToDo_UIKitTests;
			productName = ToDo_UIKitTests;
			productReference = 1061E4F12B7F67B200DA5D52 /* ToDo_UIKitTests.xctest */;
			productType = "com.apple.product-type.bundle.unit-test";
		};
/* End PBXNativeTarget section */

/* Begin PBXProject section */
		104320202B7CB5550008F041 /* Project object */ = {
			isa = PBXProject;
			attributes = {
				BuildIndependentTargetsInParallel = 1;
				LastSwiftUpdateCheck = 1510;
				LastUpgradeCheck = 1510;
				TargetAttributes = {
					104320272B7CB5550008F041 = {
						CreatedOnToolsVersion = 15.1;
					};
					1061E4F02B7F67B200DA5D52 = {
						CreatedOnToolsVersion = 15.1;
						TestTargetID = 104320272B7CB5550008F041;
					};
				};
			};
			buildConfigurationList = 104320232B7CB5550008F041 /* Build configuration list for PBXProject "ToDo_UIKit" */;
			compatibilityVersion = "Xcode 14.0";
			developmentRegion = en;
			hasScannedForEncodings = 0;
			knownRegions = (
				en,
				Base,
			);
			mainGroup = 1043201F2B7CB5550008F041;
			productRefGroup = 104320292B7CB5550008F041 /* Products */;
			projectDirPath = "";
			projectRoot = "";
			targets = (
				104320272B7CB5550008F041 /* ToDo_UIKit */,
				1061E4F02B7F67B200DA5D52 /* ToDo_UIKitTests */,
			);
		};
/* End PBXProject section */

/* Begin PBXResourcesBuildPhase section */
		104320262B7CB5550008F041 /* Resources */ = {
			isa = PBXResourcesBuildPhase;
			buildActionMask = 2147483647;
			files = (
				104320382B7CB5560008F041 /* LaunchScreen.storyboard in Resources */,
				104320352B7CB5560008F041 /* Assets.xcassets in Resources */,
				104320332B7CB5550008F041 /* Main.storyboard in Resources */,
			);
			runOnlyForDeploymentPostprocessing = 0;
		};
		1061E4EF2B7F67B200DA5D52 /* Resources */ = {
			isa = PBXResourcesBuildPhase;
			buildActionMask = 2147483647;
			files = (
			);
			runOnlyForDeploymentPostprocessing = 0;
		};
/* End PBXResourcesBuildPhase section */

/* Begin PBXSourcesBuildPhase section */
		104320242B7CB5550008F041 /* Sources */ = {
			isa = PBXSourcesBuildPhase;
			buildActionMask = 2147483647;
			files = (
				104B8F362B815D9B002EE2DC /* TaskViewController+Row.swift in Sources */,
				104320302B7CB5550008F041 /* TaskListViewController.swift in Sources */,
				1043202C2B7CB5550008F041 /* AppDelegate.swift in Sources */,
				1043202E2B7CB5550008F041 /* SceneDelegate.swift in Sources */,
				104320412B7CB5990008F041 /* TaskItem.swift in Sources */,
				104320492B7CD7320008F041 /* Constants.swift in Sources */,
				104320432B7CCDC40008F041 /* RecordService.swift in Sources */,
				1040F9F42B7E4BAA00C9DBF1 /* TaskListViewController+DataSource.swift in Sources */,
				104B8F3E2B83C04A002EE2DC /* TaskDetailPresenter.swift in Sources */,
				104320472B7CCF3D0008F041 /* TaskListPresenter.swift in Sources */,
				104B8F342B815B8A002EE2DC /* TaskDetailViewController.swift in Sources */,
				1080364E2B8557B300D87196 /* DateFormatter.swift in Sources */,
			);
			runOnlyForDeploymentPostprocessing = 0;
		};
		1061E4ED2B7F67B200DA5D52 /* Sources */ = {
			isa = PBXSourcesBuildPhase;
			buildActionMask = 2147483647;
			files = (
				1080364C2B851DF200D87196 /* TaskDetailPresenterTests.swift in Sources */,
				1061E4FB2B7F67E500DA5D52 /* TaskListPresenterTests.swift in Sources */,
				108036502B8884C500D87196 /* DateFormatterTests.swift in Sources */,
			);
			runOnlyForDeploymentPostprocessing = 0;
		};
/* End PBXSourcesBuildPhase section */

/* Begin PBXTargetDependency section */
		1061E4F62B7F67B200DA5D52 /* PBXTargetDependency */ = {
			isa = PBXTargetDependency;
			target = 104320272B7CB5550008F041 /* ToDo_UIKit */;
			targetProxy = 1061E4F52B7F67B200DA5D52 /* PBXContainerItemProxy */;
		};
/* End PBXTargetDependency section */

/* Begin PBXVariantGroup section */
		104320312B7CB5550008F041 /* Main.storyboard */ = {
			isa = PBXVariantGroup;
			children = (
				104320322B7CB5550008F041 /* Base */,
			);
			name = Main.storyboard;
			sourceTree = "<group>";
		};
		104320362B7CB5560008F041 /* LaunchScreen.storyboard */ = {
			isa = PBXVariantGroup;
			children = (
				104320372B7CB5560008F041 /* Base */,
			);
			name = LaunchScreen.storyboard;
			sourceTree = "<group>";
		};
/* End PBXVariantGroup section */

/* Begin XCBuildConfiguration section */
		1043203A2B7CB5560008F041 /* Debug */ = {
			isa = XCBuildConfiguration;
			buildSettings = {
				ALWAYS_SEARCH_USER_PATHS = NO;
				ASSETCATALOG_COMPILER_GENERATE_SWIFT_ASSET_SYMBOL_EXTENSIONS = YES;
				CLANG_ANALYZER_NONNULL = YES;
				CLANG_ANALYZER_NUMBER_OBJECT_CONVERSION = YES_AGGRESSIVE;
				CLANG_CXX_LANGUAGE_STANDARD = "gnu++20";
				CLANG_ENABLE_MODULES = YES;
				CLANG_ENABLE_OBJC_ARC = YES;
				CLANG_ENABLE_OBJC_WEAK = YES;
				CLANG_WARN_BLOCK_CAPTURE_AUTORELEASING = YES;
				CLANG_WARN_BOOL_CONVERSION = YES;
				CLANG_WARN_COMMA = YES;
				CLANG_WARN_CONSTANT_CONVERSION = YES;
				CLANG_WARN_DEPRECATED_OBJC_IMPLEMENTATIONS = YES;
				CLANG_WARN_DIRECT_OBJC_ISA_USAGE = YES_ERROR;
				CLANG_WARN_DOCUMENTATION_COMMENTS = YES;
				CLANG_WARN_EMPTY_BODY = YES;
				CLANG_WARN_ENUM_CONVERSION = YES;
				CLANG_WARN_INFINITE_RECURSION = YES;
				CLANG_WARN_INT_CONVERSION = YES;
				CLANG_WARN_NON_LITERAL_NULL_CONVERSION = YES;
				CLANG_WARN_OBJC_IMPLICIT_RETAIN_SELF = YES;
				CLANG_WARN_OBJC_LITERAL_CONVERSION = YES;
				CLANG_WARN_OBJC_ROOT_CLASS = YES_ERROR;
				CLANG_WARN_QUOTED_INCLUDE_IN_FRAMEWORK_HEADER = YES;
				CLANG_WARN_RANGE_LOOP_ANALYSIS = YES;
				CLANG_WARN_STRICT_PROTOTYPES = YES;
				CLANG_WARN_SUSPICIOUS_MOVE = YES;
				CLANG_WARN_UNGUARDED_AVAILABILITY = YES_AGGRESSIVE;
				CLANG_WARN_UNREACHABLE_CODE = YES;
				CLANG_WARN__DUPLICATE_METHOD_MATCH = YES;
				COPY_PHASE_STRIP = NO;
				DEBUG_INFORMATION_FORMAT = dwarf;
				ENABLE_STRICT_OBJC_MSGSEND = YES;
				ENABLE_TESTABILITY = YES;
				ENABLE_USER_SCRIPT_SANDBOXING = YES;
				GCC_C_LANGUAGE_STANDARD = gnu17;
				GCC_DYNAMIC_NO_PIC = NO;
				GCC_NO_COMMON_BLOCKS = YES;
				GCC_OPTIMIZATION_LEVEL = 0;
				GCC_PREPROCESSOR_DEFINITIONS = (
					"DEBUG=1",
					"$(inherited)",
				);
				GCC_WARN_64_TO_32_BIT_CONVERSION = YES;
				GCC_WARN_ABOUT_RETURN_TYPE = YES_ERROR;
				GCC_WARN_UNDECLARED_SELECTOR = YES;
				GCC_WARN_UNINITIALIZED_AUTOS = YES_AGGRESSIVE;
				GCC_WARN_UNUSED_FUNCTION = YES;
				GCC_WARN_UNUSED_VARIABLE = YES;
				IPHONEOS_DEPLOYMENT_TARGET = 17.2;
				LOCALIZATION_PREFERS_STRING_CATALOGS = YES;
				MTL_ENABLE_DEBUG_INFO = INCLUDE_SOURCE;
				MTL_FAST_MATH = YES;
				ONLY_ACTIVE_ARCH = YES;
				SDKROOT = iphoneos;
				SWIFT_ACTIVE_COMPILATION_CONDITIONS = "DEBUG $(inherited)";
				SWIFT_OPTIMIZATION_LEVEL = "-Onone";
			};
			name = Debug;
		};
		1043203B2B7CB5560008F041 /* Release */ = {
			isa = XCBuildConfiguration;
			buildSettings = {
				ALWAYS_SEARCH_USER_PATHS = NO;
				ASSETCATALOG_COMPILER_GENERATE_SWIFT_ASSET_SYMBOL_EXTENSIONS = YES;
				CLANG_ANALYZER_NONNULL = YES;
				CLANG_ANALYZER_NUMBER_OBJECT_CONVERSION = YES_AGGRESSIVE;
				CLANG_CXX_LANGUAGE_STANDARD = "gnu++20";
				CLANG_ENABLE_MODULES = YES;
				CLANG_ENABLE_OBJC_ARC = YES;
				CLANG_ENABLE_OBJC_WEAK = YES;
				CLANG_WARN_BLOCK_CAPTURE_AUTORELEASING = YES;
				CLANG_WARN_BOOL_CONVERSION = YES;
				CLANG_WARN_COMMA = YES;
				CLANG_WARN_CONSTANT_CONVERSION = YES;
				CLANG_WARN_DEPRECATED_OBJC_IMPLEMENTATIONS = YES;
				CLANG_WARN_DIRECT_OBJC_ISA_USAGE = YES_ERROR;
				CLANG_WARN_DOCUMENTATION_COMMENTS = YES;
				CLANG_WARN_EMPTY_BODY = YES;
				CLANG_WARN_ENUM_CONVERSION = YES;
				CLANG_WARN_INFINITE_RECURSION = YES;
				CLANG_WARN_INT_CONVERSION = YES;
				CLANG_WARN_NON_LITERAL_NULL_CONVERSION = YES;
				CLANG_WARN_OBJC_IMPLICIT_RETAIN_SELF = YES;
				CLANG_WARN_OBJC_LITERAL_CONVERSION = YES;
				CLANG_WARN_OBJC_ROOT_CLASS = YES_ERROR;
				CLANG_WARN_QUOTED_INCLUDE_IN_FRAMEWORK_HEADER = YES;
				CLANG_WARN_RANGE_LOOP_ANALYSIS = YES;
				CLANG_WARN_STRICT_PROTOTYPES = YES;
				CLANG_WARN_SUSPICIOUS_MOVE = YES;
				CLANG_WARN_UNGUARDED_AVAILABILITY = YES_AGGRESSIVE;
				CLANG_WARN_UNREACHABLE_CODE = YES;
				CLANG_WARN__DUPLICATE_METHOD_MATCH = YES;
				COPY_PHASE_STRIP = NO;
				DEBUG_INFORMATION_FORMAT = "dwarf-with-dsym";
				ENABLE_NS_ASSERTIONS = NO;
				ENABLE_STRICT_OBJC_MSGSEND = YES;
				ENABLE_USER_SCRIPT_SANDBOXING = YES;
				GCC_C_LANGUAGE_STANDARD = gnu17;
				GCC_NO_COMMON_BLOCKS = YES;
				GCC_WARN_64_TO_32_BIT_CONVERSION = YES;
				GCC_WARN_ABOUT_RETURN_TYPE = YES_ERROR;
				GCC_WARN_UNDECLARED_SELECTOR = YES;
				GCC_WARN_UNINITIALIZED_AUTOS = YES_AGGRESSIVE;
				GCC_WARN_UNUSED_FUNCTION = YES;
				GCC_WARN_UNUSED_VARIABLE = YES;
				IPHONEOS_DEPLOYMENT_TARGET = 17.2;
				LOCALIZATION_PREFERS_STRING_CATALOGS = YES;
				MTL_ENABLE_DEBUG_INFO = NO;
				MTL_FAST_MATH = YES;
				SDKROOT = iphoneos;
				SWIFT_COMPILATION_MODE = wholemodule;
				VALIDATE_PRODUCT = YES;
			};
			name = Release;
		};
		1043203D2B7CB5560008F041 /* Debug */ = {
			isa = XCBuildConfiguration;
			buildSettings = {
				ASSETCATALOG_COMPILER_APPICON_NAME = AppIcon;
				ASSETCATALOG_COMPILER_GLOBAL_ACCENT_COLOR_NAME = AccentColor;
				CODE_SIGN_STYLE = Automatic;
				CURRENT_PROJECT_VERSION = 1;
				DEVELOPMENT_TEAM = PNNF7SDSX3;
				GENERATE_INFOPLIST_FILE = YES;
				INFOPLIST_FILE = ToDo_UIKit/Info.plist;
				INFOPLIST_KEY_UIApplicationSupportsIndirectInputEvents = YES;
				INFOPLIST_KEY_UILaunchStoryboardName = LaunchScreen;
				INFOPLIST_KEY_UIMainStoryboardFile = Main;
				INFOPLIST_KEY_UISupportedInterfaceOrientations_iPad = "UIInterfaceOrientationPortrait UIInterfaceOrientationPortraitUpsideDown UIInterfaceOrientationLandscapeLeft UIInterfaceOrientationLandscapeRight";
				INFOPLIST_KEY_UISupportedInterfaceOrientations_iPhone = "UIInterfaceOrientationPortrait UIInterfaceOrientationLandscapeLeft UIInterfaceOrientationLandscapeRight";
				LD_RUNPATH_SEARCH_PATHS = (
					"$(inherited)",
					"@executable_path/Frameworks",
				);
				MARKETING_VERSION = 1.0;
				PRODUCT_BUNDLE_IDENTIFIER = "com.nydina.ToDo-UIKit";
				PRODUCT_NAME = "$(TARGET_NAME)";
				SWIFT_EMIT_LOC_STRINGS = YES;
				SWIFT_VERSION = 5.0;
				TARGETED_DEVICE_FAMILY = "1,2";
			};
			name = Debug;
		};
		1043203E2B7CB5560008F041 /* Release */ = {
			isa = XCBuildConfiguration;
			buildSettings = {
				ASSETCATALOG_COMPILER_APPICON_NAME = AppIcon;
				ASSETCATALOG_COMPILER_GLOBAL_ACCENT_COLOR_NAME = AccentColor;
				CODE_SIGN_STYLE = Automatic;
				CURRENT_PROJECT_VERSION = 1;
				DEVELOPMENT_TEAM = PNNF7SDSX3;
				GENERATE_INFOPLIST_FILE = YES;
				INFOPLIST_FILE = ToDo_UIKit/Info.plist;
				INFOPLIST_KEY_UIApplicationSupportsIndirectInputEvents = YES;
				INFOPLIST_KEY_UILaunchStoryboardName = LaunchScreen;
				INFOPLIST_KEY_UIMainStoryboardFile = Main;
				INFOPLIST_KEY_UISupportedInterfaceOrientations_iPad = "UIInterfaceOrientationPortrait UIInterfaceOrientationPortraitUpsideDown UIInterfaceOrientationLandscapeLeft UIInterfaceOrientationLandscapeRight";
				INFOPLIST_KEY_UISupportedInterfaceOrientations_iPhone = "UIInterfaceOrientationPortrait UIInterfaceOrientationLandscapeLeft UIInterfaceOrientationLandscapeRight";
				LD_RUNPATH_SEARCH_PATHS = (
					"$(inherited)",
					"@executable_path/Frameworks",
				);
				MARKETING_VERSION = 1.0;
				PRODUCT_BUNDLE_IDENTIFIER = "com.nydina.ToDo-UIKit";
				PRODUCT_NAME = "$(TARGET_NAME)";
				SWIFT_EMIT_LOC_STRINGS = YES;
				SWIFT_VERSION = 5.0;
				TARGETED_DEVICE_FAMILY = "1,2";
			};
			name = Release;
		};
		1061E4F82B7F67B200DA5D52 /* Debug */ = {
			isa = XCBuildConfiguration;
			buildSettings = {
				BUNDLE_LOADER = "$(TEST_HOST)";
				CODE_SIGN_STYLE = Automatic;
				CURRENT_PROJECT_VERSION = 1;
				DEVELOPMENT_TEAM = PNNF7SDSX3;
				GENERATE_INFOPLIST_FILE = YES;
				MARKETING_VERSION = 1.0;
				PRODUCT_BUNDLE_IDENTIFIER = "com.nydina.ToDo-UIKitTests";
				PRODUCT_NAME = "$(TARGET_NAME)";
				SWIFT_EMIT_LOC_STRINGS = NO;
				SWIFT_VERSION = 5.0;
				TARGETED_DEVICE_FAMILY = "1,2";
				TEST_HOST = "$(BUILT_PRODUCTS_DIR)/ToDo_UIKit.app/$(BUNDLE_EXECUTABLE_FOLDER_PATH)/ToDo_UIKit";
			};
			name = Debug;
		};
		1061E4F92B7F67B200DA5D52 /* Release */ = {
			isa = XCBuildConfiguration;
			buildSettings = {
				BUNDLE_LOADER = "$(TEST_HOST)";
				CODE_SIGN_STYLE = Automatic;
				CURRENT_PROJECT_VERSION = 1;
				DEVELOPMENT_TEAM = PNNF7SDSX3;
				GENERATE_INFOPLIST_FILE = YES;
				MARKETING_VERSION = 1.0;
				PRODUCT_BUNDLE_IDENTIFIER = "com.nydina.ToDo-UIKitTests";
				PRODUCT_NAME = "$(TARGET_NAME)";
				SWIFT_EMIT_LOC_STRINGS = NO;
				SWIFT_VERSION = 5.0;
				TARGETED_DEVICE_FAMILY = "1,2";
				TEST_HOST = "$(BUILT_PRODUCTS_DIR)/ToDo_UIKit.app/$(BUNDLE_EXECUTABLE_FOLDER_PATH)/ToDo_UIKit";
			};
			name = Release;
		};
/* End XCBuildConfiguration section */

/* Begin XCConfigurationList section */
		104320232B7CB5550008F041 /* Build configuration list for PBXProject "ToDo_UIKit" */ = {
			isa = XCConfigurationList;
			buildConfigurations = (
				1043203A2B7CB5560008F041 /* Debug */,
				1043203B2B7CB5560008F041 /* Release */,
			);
			defaultConfigurationIsVisible = 0;
			defaultConfigurationName = Release;
		};
		1043203C2B7CB5560008F041 /* Build configuration list for PBXNativeTarget "ToDo_UIKit" */ = {
			isa = XCConfigurationList;
			buildConfigurations = (
				1043203D2B7CB5560008F041 /* Debug */,
				1043203E2B7CB5560008F041 /* Release */,
			);
			defaultConfigurationIsVisible = 0;
			defaultConfigurationName = Release;
		};
		1061E4F72B7F67B200DA5D52 /* Build configuration list for PBXNativeTarget "ToDo_UIKitTests" */ = {
			isa = XCConfigurationList;
			buildConfigurations = (
				1061E4F82B7F67B200DA5D52 /* Debug */,
				1061E4F92B7F67B200DA5D52 /* Release */,
			);
			defaultConfigurationIsVisible = 0;
			defaultConfigurationName = Release;
		};
/* End XCConfigurationList section */
	};
	rootObject = 104320202B7CB5550008F041 /* Project object */;
}
